{
    "_readme": [
        "This file locks the dependencies of your project to a known state",
        "Read more about it at http://getcomposer.org/doc/01-basic-usage.md#composer-lock-the-lock-file"
    ],
    "hash": "9b65ba1842b00b866efb324caed809ff",
    "packages": [
        {
            "name": "fbrnc/Aoe_Scheduler",
            "version": "dev-mercator",
            "source": {
                "type": "git",
                "url": "https://github.com/mercator/Aoe_Scheduler.git",
                "reference": "46667a6b1bbadd8c7e7efa5f42b15fa7e195a823"
            },
            "dist": {
                "type": "zip",
                "url": "https://api.github.com/repos/mercator/Aoe_Scheduler/zipball/46667a6b1bbadd8c7e7efa5f42b15fa7e195a823",
                "reference": "46667a6b1bbadd8c7e7efa5f42b15fa7e195a823",
                "shasum": ""
            },
            "require": {
                "magento-hackathon/magento-composer-installer": "*"
            },
            "type": "magento-module",
            "license": [
                "OSL-3.0"
            ],
            "authors": [
                {
                    "name": "Fabrizio Branca",
                    "email": "mail@{firstname}-{lastname}.de"
                }
            ],
            "description": "Magento Cron Scheduler",
            "homepage": "http://www.fabrizio-branca.de/magento-cron-scheduler.html",
            "support": {
                "source": "https://github.com/mercator/Aoe_Scheduler/tree/mercator"
            },
            "time": "2013-12-06 04:17:20"
        },
        {
            "name": "fbrnc/aoe_classpathcache",
            "version": "dev-mercator",
            "source": {
                "type": "git",
                "url": "https://github.com/mercator/Aoe_ClassPathCache.git",
                "reference": "052a04f88e33e29127490b2605e57ce65be5c9cb"
            },
            "dist": {
                "type": "zip",
                "url": "https://api.github.com/repos/mercator/Aoe_ClassPathCache/zipball/052a04f88e33e29127490b2605e57ce65be5c9cb",
                "reference": "052a04f88e33e29127490b2605e57ce65be5c9cb",
                "shasum": ""
            },
            "require": {
                "magento-hackathon/magento-composer-installer": "*"
            },
            "type": "magento-module",
            "license": [
                "OSL-3.0"
            ],
            "authors": [
                {
                    "name": "Fabrizio Branca",
                    "email": "mail@{firstname}-{lastname}.de"
                }
            ],
            "description": "Class path cache for Magento autoloader.",
            "homepage": "https://github.com/fbrnc/Aoe_ClassPathCache",
            "support": {
                "source": "https://github.com/mercator/Aoe_ClassPathCache/tree/master"
            },
            "time": "2013-05-18 20:47:07"
        },
        {
            "name": "fontis/blog",
            "version": "dev-mercator",
            "source": {
                "type": "git",
                "url": "https://github.com/mercator/fontis_blog.git",
                "reference": "83fda5408d6f06db7e004cf04eb05d3a41568ef5"
            },
            "dist": {
                "type": "zip",
                "url": "https://api.github.com/repos/mercator/fontis_blog/zipball/83fda5408d6f06db7e004cf04eb05d3a41568ef5",
                "reference": "83fda5408d6f06db7e004cf04eb05d3a41568ef5",
                "shasum": ""
            },
            "type": "magento-module",
            "extra": {
                "magento_connect": {
                    "channel": "community",
                    "php_min": "5.3.0",
                    "php_max": "6.0.0",
                    "stability": "stable",
                    "license_uri": "http://opensource.org/licenses/osl-3.0.php",
                    "summary": "Native blog for Magento.",
                    "content": [
                        {
                            "type": "magecommunity",
                            "structure": "dir",
                            "path": "Fontis/Blog"
                        },
                        {
                            "type": "magedesign",
                            "structure": "file",
                            "path": "adminhtml/default/default/layout/fontis/blog.xml"
                        },
                        {
                            "type": "magedesign",
                            "structure": "dir",
                            "path": "adminhtml/default/default/template/fontis/blog"
                        },
                        {
                            "type": "magedesign",
                            "structure": "file",
                            "path": "frontend/base/default/layout/fontis/blog.xml"
                        },
                        {
                            "type": "magedesign",
                            "structure": "dir",
                            "path": "frontend/base/default/template/fontis/blog"
                        },
                        {
                            "type": "mageetc",
                            "structure": "file",
                            "path": "modules/Fontis_Blog.xml"
                        },
                        {
                            "type": "magelocale",
                            "structure": "file",
                            "path": "cs_CZ/Fontis_Blog.csv"
                        },
                        {
                            "type": "magelocale",
                            "structure": "file",
                            "path": "de_DE/Fontis_Blog.csv"
                        },
                        {
                            "type": "magelocale",
                            "structure": "file",
                            "path": "en_GB/Fontis_Blog.csv"
                        },
                        {
                            "type": "magelocale",
                            "structure": "file",
                            "path": "en_US/Fontis_Blog.csv"
                        },
                        {
                            "type": "magelocale",
                            "structure": "file",
                            "path": "fr_FR/Fontis_Blog.csv"
                        },
                        {
                            "type": "magelocale",
                            "structure": "file",
                            "path": "cs_CZ/template/email/comment_submitted.html"
                        },
                        {
                            "type": "magelocale",
                            "structure": "file",
                            "path": "de_DE/template/email/comment_submitted.html"
                        },
                        {
                            "type": "magelocale",
                            "structure": "file",
                            "path": "en_GB/template/email/comment_submitted.html"
                        },
                        {
                            "type": "magelocale",
                            "structure": "file",
                            "path": "en_US/template/email/comment_submitted.html"
                        },
                        {
                            "type": "magelocale",
                            "structure": "file",
                            "path": "fr_FR/template/email/comment_submitted.html"
                        },
                        {
                            "type": "mageskin",
                            "structure": "dir",
                            "path": "frontend/base/default/fontis/blog"
                        }
                    ]
                }
            },
            "license": [
                "Open Software License (OSL 3.0)"
            ],
            "authors": [
                {
                    "name": "Fontis",
                    "email": "magento@fontis.com.au"
                }
            ],
            "description": "This extension provides a native blog for Magento.",
            "homepage": "http://www.fontis.com.au",
            "support": {
                "source": "https://github.com/mercator/fontis_blog/tree/v1.1.2"
            },
            "time": "2013-10-21 07:00:01"
        },
        {
            "name": "iwd/onepagecheckout",
            "version": "dev-mercator",
            "source": {
                "type": "git",
                "url": "https://github.com/mercator/iwd_onepagecheckout.git",
                "reference": "9550c50c940026d18fb16bb30841a3352ac1cc18"
            },
            "dist": {
                "type": "zip",
                "url": "https://api.github.com/repos/mercator/iwd_onepagecheckout/zipball/9550c50c940026d18fb16bb30841a3352ac1cc18",
                "reference": "9550c50c940026d18fb16bb30841a3352ac1cc18",
                "shasum": ""
            },
            "require": {
                "magento-hackathon/magento-composer-installer": "*"
            },
            "type": "magento-module",
            "license": [
                "LGPL-3.0"
            ],
            "authors": [
                {
                    "name": "Interior Web Design",
                    "email": "joe@interiorwebdesign.com"
                }
            ],
            "description": "This extension dramatically reduces the steps required in the checkout process.",
            "homepage": "http://www.iwdextensions.com",
            "support": {
                "source": "https://github.com/mercator/iwd_onepagecheckout/tree/master",
                "issues": "https://github.com/mercator/iwd_onepagecheckout/issues"
            },
            "time": "2014-02-21 06:01:15"
        },
        {
            "name": "magento-hackathon/magento-composer-installer",
            "version": "dev-mercator",
            "source": {
                "type": "git",
                "url": "https://github.com/mercator/magento-composer-installer.git",
                "reference": "7f720782854454ae06bbab7125d83d2d39b59b7e"
            },
            "dist": {
                "type": "zip",
                "url": "https://api.github.com/repos/mercator/magento-composer-installer/zipball/7f720782854454ae06bbab7125d83d2d39b59b7e",
                "reference": "7f720782854454ae06bbab7125d83d2d39b59b7e",
                "shasum": ""
            },
            "require": {
                "composer-plugin-api": "1.0.0"
            },
            "require-dev": {
                "composer/composer": "*",
                "phpunit/phpunit": "*"
            },
            "suggest": {
                "magento-hackathon/composer-command-integrator": "*"
            },
            "type": "composer-installer",
            "extra": {
                "composer-command-registry": [
                    "MagentoHackathon\\Composer\\Magento\\Command\\DeployCommand"
                ],
                "class": "MagentoHackathon\\Composer\\Magento\\Installer"
            },
            "autoload": {
                "psr-0": {
                    "MagentoHackathon\\Composer\\Magento": "src/"
                }
            },
            "license": [
                "OSL-3.0"
            ],
            "authors": [
                {
                    "name": "Daniel Fahlke aka Flyingmana",
                    "email": "daniel@digitalmanufaktur.com"
                },
                {
                    "name": "Jörg Weller",
                    "email": "weller@flagbit.de"
                },
                {
                    "name": "Karl Spies",
                    "email": "karl.spies@gmx.net"
                },
                {
                    "name": "Tobias Vogt",
                    "email": "tobi@webguys.de"
                },
                {
                    "name": "David Fuhr",
                    "email": "fuhr@flagbit.de"
                },
                {
                    "name": "Vinai Kopp",
                    "email": "vinai@netzarbeiter.com"
                }
            ],
            "description": "Composer installer for Magento modules",
            "homepage": "https://github.com/magento-hackathon/magento-composer-installer",
            "keywords": [
                "composer-installer",
                "magento"
            ],
            "support": {
                "source": "https://github.com/mercator/magento-composer-installer/tree/mercator"
            },
            "time": "2013-12-02 01:25:39"
        },
        {
            "name": "mercator/Magento-ChangeAttributeSet",
            "version": "dev-mercator",
            "source": {
                "type": "git",
                "url": "https://github.com/mercator/Magento-ChangeAttributeSet.git",
                "reference": "ac08dc72927efc876468f7d547319e3ddebf6f66"
            },
            "dist": {
                "type": "zip",
                "url": "https://api.github.com/repos/mercator/Magento-ChangeAttributeSet/zipball/ac08dc72927efc876468f7d547319e3ddebf6f66",
                "reference": "ac08dc72927efc876468f7d547319e3ddebf6f66",
                "shasum": ""
            },
            "require": {
                "magento-hackathon/magento-composer-installer": "*"
            },
            "type": "magento-module",
            "description": "Mercator repository for Flagbit_ChangeAttributeSet. Allows changing the attribute set of products.",
            "homepage": "https://github.com/Flagbit/Magento-ChangeAttributeSet",
            "support": {
                "source": "https://github.com/mercator/Magento-ChangeAttributeSet/tree/mercator"
            },
            "time": "2013-12-02 01:53:24"
        },
        {
            "name": "mercator/PulsestormLauncher",
            "version": "dev-mercator",
            "source": {
                "type": "git",
                "url": "https://github.com/mercator/PulsestormLauncher.git",
                "reference": "b89227c6fe3dbf1d8abcec8815320f03748d33a1"
            },
            "dist": {
                "type": "zip",
                "url": "https://api.github.com/repos/mercator/PulsestormLauncher/zipball/b89227c6fe3dbf1d8abcec8815320f03748d33a1",
                "reference": "b89227c6fe3dbf1d8abcec8815320f03748d33a1",
                "shasum": ""
            },
            "require": {
                "magento-hackathon/magento-composer-installer": "*"
            },
            "type": "magento-module",
            "description": "Mercator repository for Pulsestorm_Launcher. Provides navigation shortcuts for the admin console's navigation and gloal search.",
            "homepage": "https://github.com/mercator/PulsestormLauncher",
            "support": {
                "source": "https://github.com/mercator/PulsestormLauncher/tree/mercator"
            },
            "time": "2013-12-02 01:26:54"
        },
        {
            "name": "mercator/SystemConfigurationSearch",
            "version": "dev-mercator",
            "source": {
                "type": "git",
                "url": "https://github.com/mercator/SystemConfigurationSearch.git",
                "reference": "db7bb13e2bcf63c2325d6e4687bd3e24f93a33cf"
            },
            "dist": {
                "type": "zip",
                "url": "https://api.github.com/repos/mercator/SystemConfigurationSearch/zipball/db7bb13e2bcf63c2325d6e4687bd3e24f93a33cf",
                "reference": "db7bb13e2bcf63c2325d6e4687bd3e24f93a33cf",
                "shasum": ""
            },
            "require": {
                "magento-hackathon/magento-composer-installer": "*"
            },
            "type": "magento-module",
            "description": "Mercator repository for Alanstormdotcom_Systemsearch. Installs a search form that allows you to quickly find System Configuration fields.",
            "homepage": "https://github.com/mercator/SystemConfigurationSearch",
            "support": {
                "source": "https://github.com/mercator/SystemConfigurationSearch/tree/mercator"
            },
            "time": "2013-12-02 01:27:27"
        },
        {
            "name": "mercator/catalin_seo",
            "version": "dev-mercator",
            "source": {
                "type": "git",
                "url": "https://github.com/mercator/catalin_seo.git",
                "reference": "268270f3600cd0a2cda68e31a71ec68e89d8c68a"
            },
            "dist": {
                "type": "zip",
                "url": "https://api.github.com/repos/mercator/catalin_seo/zipball/268270f3600cd0a2cda68e31a71ec68e89d8c68a",
                "reference": "268270f3600cd0a2cda68e31a71ec68e89d8c68a",
                "shasum": ""
            },
            "require": {
                "magento-hackathon/magento-composer-installer": "*"
            },
            "type": "magento-module",
            "description": "Mercator repository for Catalin_Seo. Provides AJAX layered nav and cleaner category URLs.",
            "homepage": "https://github.com/mercator/catalin_seo",
            "support": {
                "source": "https://github.com/mercator/catalin_seo/tree/mercator",
                "issues": "https://github.com/mercator/catalin_seo/issues"
            },
            "time": "2014-04-10 01:15:23"
        },
        {
            "name": "mercator/fontis_recaptcha",
            "version": "dev-mercator",
            "source": {
                "type": "git",
                "url": "https://github.com/mercator/fontis_recaptcha.git",
                "reference": "b644d1c9755920f986f80ab6238cddfb9df4b853"
            },
            "dist": {
                "type": "zip",
                "url": "https://api.github.com/repos/mercator/fontis_recaptcha/zipball/b644d1c9755920f986f80ab6238cddfb9df4b853",
                "reference": "b644d1c9755920f986f80ab6238cddfb9df4b853",
                "shasum": ""
            },
            "require": {
                "magento-hackathon/magento-composer-installer": "*"
            },
            "type": "magento-module",
            "description": "Mercator repository for Fontis_Recaptcha. Protects Magento forms with ReCAPTCHA.",
            "homepage": "http://www.fontis.com.au",
            "support": {
                "source": "https://github.com/mercator/fontis_recaptcha/tree/mercator"
            },
            "time": "2013-11-14 05:59:32"
        },
        {
            "name": "mercator/indust_customshippingrate",
            "version": "dev-mercator",
            "source": {
                "type": "git",
                "url": "https://github.com/mercator/indust_customshippingrate.git",
                "reference": "a678e7d9c90a665f47cef41c24adf25ef0de161d"
            },
            "dist": {
                "type": "zip",
                "url": "https://api.github.com/repos/mercator/indust_customshippingrate/zipball/a678e7d9c90a665f47cef41c24adf25ef0de161d",
                "reference": "a678e7d9c90a665f47cef41c24adf25ef0de161d",
                "shasum": ""
            },
            "require": {
                "magento-hackathon/magento-composer-installer": "*"
            },
            "type": "magento-module",
            "extra": {
                "package-xml": "package.xml"
            },
            "description": "Mercator repository for Indust_CustomShippingRate. Allows administrators to set a custom shipping rate for an order.",
            "homepage": "https://github.com/mercator/indust_customshippingrate",
            "support": {
                "source": "https://github.com/mercator/indust_customshippingrate/tree/master",
                "issues": "https://github.com/mercator/indust_customshippingrate/issues"
            },
            "time": "2013-11-14 06:33:35"
        },
        {
            "name": "mercator/mage-enhanced-admin-grids",
            "version": "dev-mercator",
            "source": {
                "type": "git",
                "url": "https://github.com/mercator/mage-enhanced-admin-grids.git",
                "reference": "1387b2b1c9cd32106803512c1c0d7973e7d47bc5"
            },
            "dist": {
                "type": "zip",
                "url": "https://api.github.com/repos/mercator/mage-enhanced-admin-grids/zipball/1387b2b1c9cd32106803512c1c0d7973e7d47bc5",
                "reference": "1387b2b1c9cd32106803512c1c0d7973e7d47bc5",
                "shasum": ""
            },
            "require": {
                "magento-hackathon/magento-composer-installer": "*"
            },
            "type": "magento-module",
            "description": "Enhanced Admin Grids Extension for Magento",
            "support": {
                "source": "https://github.com/mercator/mage-enhanced-admin-grids/tree/mercator"
            },
            "time": "2013-11-07 06:35:59"
        },
        {
            "name": "mercator/magento-clever-cms",
            "version": "dev-mercator",
            "source": {
                "type": "git",
                "url": "https://github.com/mercator/magento-clever-cms.git",
                "reference": "1c2f5ba043b6dd19d4d6715d73e3099766b0676f"
            },
            "dist": {
                "type": "zip",
                "url": "https://api.github.com/repos/mercator/magento-clever-cms/zipball/1c2f5ba043b6dd19d4d6715d73e3099766b0676f",
                "reference": "1c2f5ba043b6dd19d4d6715d73e3099766b0676f",
                "shasum": ""
            },
            "require": {
                "magento-hackathon/magento-composer-installer": "*"
            },
            "type": "magento-module",
            "description": "Mercator repository for the H&O fork of the Clever_Cms extension. Adds CMS tree structure and permissions.",
            "homepage": "https://github.com/mercator/magento-clever-cms",
            "support": {
                "source": "https://github.com/mercator/magento-clever-cms/tree/mercator"
            },
            "time": "2014-04-07 01:39:33"
        },
        {
            "name": "mercator/magento-elasticsearch",
            "version": "dev-mercator",
            "source": {
                "type": "git",
                "url": "https://github.com/mercator/magento-elasticsearch.git",
                "reference": "e9705158baa24a042de19c3eaf300dd87b35bf6c"
            },
            "dist": {
                "type": "zip",
                "url": "https://api.github.com/repos/mercator/magento-elasticsearch/zipball/e9705158baa24a042de19c3eaf300dd87b35bf6c",
                "reference": "e9705158baa24a042de19c3eaf300dd87b35bf6c",
                "shasum": ""
            },
            "require": {
                "magento-hackathon/magento-composer-installer": "*"
            },
            "type": "magento-module",
            "description": "Mercator repository for Bubble_Search. Provides Elasticsearch integration.",
            "homepage": "https://github.com/jreinke/magento-elasticsearch",
            "support": {
                "source": "https://github.com/mercator/magento-elasticsearch/tree/mercator"
            },
            "time": "2014-02-03 01:07:47"
        },
        {
            "name": "mercator/offi_customerattribute",
            "version": "dev-mercator",
            "source": {
                "type": "git",
                "url": "https://github.com/mercator/offi_customerattribute.git",
                "reference": "2a53979a7c9eb9cc7a9f744856fb4d010478ea30"
            },
            "dist": {
                "type": "zip",
                "url": "https://api.github.com/repos/mercator/offi_customerattribute/zipball/2a53979a7c9eb9cc7a9f744856fb4d010478ea30",
                "reference": "2a53979a7c9eb9cc7a9f744856fb4d010478ea30",
                "shasum": ""
            },
            "require": {
                "magento-hackathon/magento-composer-installer": "*"
            },
            "type": "magento-module",
            "extra": {
                "package-xml": "package.xml"
            },
            "description": "Mercator repository for Offi_CustomerAttribute. Allows adding custom attributes to customers.",
            "homepage": "https://github.com/mercator/offi_customerattribute",
            "support": {
                "source": "https://github.com/mercator/offi_customerattribute/tree/master",
                "issues": "https://github.com/mercator/offi_customerattribute/issues"
            },
            "time": "2013-11-15 05:58:13"
        },
        {
            "name": "mercator/unirgy_giftcert",
            "version": "dev-mercator",
            "source": {
                "type": "git",
                "url": "https://github.com/mercator/unirgy_giftcert.git",
                "reference": "9862477bcf3f82cb8389d4ad9e8d09d538274b8a"
            },
            "dist": {
                "type": "zip",
                "url": "https://api.github.com/repos/mercator/unirgy_giftcert/zipball/9862477bcf3f82cb8389d4ad9e8d09d538274b8a",
                "reference": "9862477bcf3f82cb8389d4ad9e8d09d538274b8a",
                "shasum": ""
            },
            "require": {
                "magento-hackathon/magento-composer-installer": "*"
            },
            "type": "magento-module",
            "description": "Mercator repository for Unirgy_Giftcart. Provides a gift certificate product type.",
            "homepage": "https://github.com/mercator/unirgy_giftcert",
            "support": {
                "source": "https://github.com/mercator/unirgy_giftcert/tree/mercator",
                "issues": "https://github.com/mercator/unirgy_giftcert/issues"
            },
            "time": "2013-11-17 23:41:15"
        },
        {
            "name": "netzarbeiter/customer-activation",
            "version": "dev-mercator",
            "source": {
                "type": "git",
                "url": "https://github.com/mercator/customer-activation.git",
                "reference": "a38727f620870d2e2b41e6ddbc973b9f6439835e"
            },
            "dist": {
                "type": "zip",
                "url": "https://api.github.com/repos/mercator/customer-activation/zipball/a38727f620870d2e2b41e6ddbc973b9f6439835e",
                "reference": "a38727f620870d2e2b41e6ddbc973b9f6439835e",
                "shasum": ""
            },
            "require": {
                "magento-hackathon/magento-composer-installer": "*"
            },
            "require-dev": {
                "ivanchepurnyi/ecomdev_phpunit": "*"
            },
            "type": "magento-module",
            "license": [
                "OSL-3.0"
            ],
            "authors": [
                {
                    "name": "Vinai Kopp",
                    "email": "vinai@netzarbeiter.com"
                }
            ],
            "description": "Makes it impossible for a customer to log in until the account has been activated by the administrator.",
            "homepage": "https://github.com/Vinai/customer-activation",
            "support": {
                "source": "https://github.com/mercator/customer-activation/tree/mercator"
            },
            "time": "2013-11-15 04:14:04"
        },
        {
            "name": "netzarbeiter/groups-catalog2",
            "version": "dev-mercator",
            "source": {
                "type": "git",
                "url": "https://github.com/mercator/groupscatalog2.git",
                "reference": "b45247261f7e9744b03386298ccbd5f00aa7d590"
            },
            "dist": {
                "type": "zip",
                "url": "https://api.github.com/repos/mercator/groupscatalog2/zipball/b45247261f7e9744b03386298ccbd5f00aa7d590",
                "reference": "b45247261f7e9744b03386298ccbd5f00aa7d590",
                "shasum": ""
            },
            "require": {
                "magento-hackathon/magento-composer-installer": "*"
            },
            "require-dev": {
                "ivanchepurnyi/ecomdev_phpunit": "*"
            },
            "type": "magento-module",
            "license": [
                "OSL-3.0"
            ],
            "authors": [
                {
                    "name": "Vinai Kopp",
                    "email": "vinai@netzarbeiter.com"
                }
            ],
            "description": "Magento extension to hide categories and products from customers depending on their customer group.",
            "homepage": "https://github.com/Vinai/groupscatalog2",
            "support": {
                "source": "https://github.com/mercator/groupscatalog2/tree/0.3.3"
            },
            "time": "2013-11-23 12:18:31"
        },
        {
            "name": "quafzi/product-visibility",
            "version": "dev-mercator",
            "source": {
                "type": "git",
                "url": "https://github.com/mercator/Magento-Productvisibility.git",
                "reference": "08ee42eb39b3645a80bceab304cce6380c471043"
            },
            "dist": {
                "type": "zip",
                "url": "https://api.github.com/repos/mercator/Magento-Productvisibility/zipball/08ee42eb39b3645a80bceab304cce6380c471043",
                "reference": "08ee42eb39b3645a80bceab304cce6380c471043",
                "shasum": ""
            },
            "require": {
                "magento-hackathon/magento-composer-installer": "*"
            },
            "type": "magento-module",
            "license": [
                "MIT"
            ],
            "authors": [
                {
                    "name": "Thomas Birke",
                    "email": "tbirke@netextreme.de"
                }
            ],
            "description": "This extension shows, why a product is visible for customers - or why not.",
            "support": {
                "source": "https://github.com/mercator/Magento-Productvisibility/tree/mercator"
            },
            "time": "2013-12-06 04:25:34"
        },
        {
            "name": "webcomm/magento-boilerplate",
            "version": "dev-mercator",
            "source": {
                "type": "git",
                "url": "https://github.com/mercator/magento-boilerplate.git",
                "reference": "cb105cd0b731f916a91523580b38a6b31c97f6c5"
            },
            "dist": {
                "type": "zip",
                "url": "https://api.github.com/repos/mercator/magento-boilerplate/zipball/cb105cd0b731f916a91523580b38a6b31c97f6c5",
                "reference": "cb105cd0b731f916a91523580b38a6b31c97f6c5",
                "shasum": ""
            },
            "require": {
                "magento-hackathon/magento-composer-installer": "*"
            },
            "type": "magento-module",
            "extra": {
                "map": [
                    [
                        "app/code/community/Webcomm/BootstrapNavigation",
                        "app/code/community/Webcomm/BootstrapNavigation"
                    ],
                    [
                        "app/design/frontend/boilerplate/default",
                        "app/design/frontend/boilerplate/default"
                    ],
                    [
                        "app/etc/modules/Webcomm_BootstrapNavigation.xml",
                        "app/etc/modules/Webcomm_BootstrapNavigation.xml"
                    ],
                    [
                        "skin/frontend/boilerplate/default",
                        "skin/frontend/boilerplate/default"
                    ]
                ]
            },
            "authors": [
                {
                    "name": "Ben Corlett",
                    "email": "bencorlett@me.com"
                },
                {
                    "name": "Webcomm Pty Ltd",
                    "email": "contact@webcomm.com.au"
                }
            ],
            "description": "HTML5 Twitter Bootstrap 3.1 Magento Boilerplate Template",
            "support": {
                "source": "https://github.com/mercator/magento-boilerplate/tree/mercator"
            },
            "time": "2014-04-10 05:14:21"
        }
    ],
    "packages-dev": null,
    "aliases": [

    ],
    "minimum-stability": "stable",
    "stability-flags": {
        "magento-hackathon/magento-composer-installer": 20,
        "mercator/systemconfigurationsearch": 20,
        "fbrnc/aoe_scheduler": 20,
        "mercator/mage-enhanced-admin-grids": 20,
        "mercator/catalin_seo": 20,
        "mercator/magento-changeattributeset": 20,
        "fontis/blog": 20,
        "mercator/fontis_recaptcha": 20,
        "mercator/indust_customshippingrate": 20,
        "mercator/magento-clever-cms": 20,
        "quafzi/product-visibility": 20,
        "netzarbeiter/groups-catalog2": 20,
        "netzarbeiter/customer-activation": 20,
        "mercator/offi_customerattribute": 20,
        "mercator/pulsestormlauncher": 20,
        "mercator/unirgy_giftcert": 20,
        "mercator/magento-elasticsearch": 20,
        "webcomm/magento-boilerplate": 20,
        "iwd/onepagecheckout": 20,
        "fbrnc/aoe_classpathcache": 20,
        "ivanchepurnyi/ecomdev_phpunit": 20
    },
    "platform": [

    ],
    "platform-dev": [

    ]
}
